
Microsoft Visual Studio Solution File, Format Version 12.00
# Visual Studio Version 17
VisualStudioVersion = 17.14.36518.9 d17.14
MinimumVisualStudioVersion = 10.0.40219.1
Project("{FAE04EC0-301F-11D3-BF4B-00C04F79EFBC}") = "RPC.Net", "RPC.Net\RPC.Net.csproj", "{56904D6B-A369-4ED5-9FC3-75FBFCAC21A5}"
EndProject
Global
	GlobalSection(SolutionConfigurationPlatforms) = preSolution
		Debug|Any CPU = Debug|Any CPU
		Release|Any CPU = Release|Any CPU
	EndGlobalSection
	GlobalSection(ProjectConfigurationPlatforms) = postSolution
		{56904D6B-A369-4ED5-9FC3-75FBFCAC21A5}.Debug|Any CPU.ActiveCfg = Debug|Any CPU
		{56904D6B-A369-4ED5-9FC3-75FBFCAC21A5}.Debug|Any CPU.Build.0 = Debug|Any CPU
		{56904D6B-A369-4ED5-9FC3-75FBFCAC21A5}.Release|Any CPU.ActiveCfg = Release|Any CPU
		{56904D6B-A369-4ED5-9FC3-75FBFCAC21A5}.Release|Any CPU.Build.0 = Release|Any CPU
	EndGlobalSection
	GlobalSection(SolutionProperties) = preSolution
		HideSolutionNode = FALSE
	EndGlobalSection
	GlobalSection(ExtensibilityGlobals) = postSolution
		SolutionGuid = {5E76727E-94BB-44ED-945E-0205623CD50D}
	EndGlobalSection
EndGlobal
