
Microsoft Visual Studio Solution File, Format Version 12.00
# Visual Studio Version 17
VisualStudioVersion = 17.14.36518.9 d17.14
MinimumVisualStudioVersion = 10.0.40219.1
Project("{FAE04EC0-301F-11D3-BF4B-00C04F79EFBC}") = "IOProcessing", "IOProcessing\IOProcessing.csproj", "{6BD2E142-AFBC-4985-B181-E702F56F70BF}"
EndProject
Global
	GlobalSection(SolutionConfigurationPlatforms) = preSolution
		Debug|Any CPU = Debug|Any CPU
		Release|Any CPU = Release|Any CPU
	EndGlobalSection
	GlobalSection(ProjectConfigurationPlatforms) = postSolution
		{6BD2E142-AFBC-4985-B181-E702F56F70BF}.Debug|Any CPU.ActiveCfg = Debug|Any CPU
		{6BD2E142-AFBC-4985-B181-E702F56F70BF}.Debug|Any CPU.Build.0 = Debug|Any CPU
		{6BD2E142-AFBC-4985-B181-E702F56F70BF}.Release|Any CPU.ActiveCfg = Release|Any CPU
		{6BD2E142-AFBC-4985-B181-E702F56F70BF}.Release|Any CPU.Build.0 = Release|Any CPU
	EndGlobalSection
	GlobalSection(SolutionProperties) = preSolution
		HideSolutionNode = FALSE
	EndGlobalSection
	GlobalSection(ExtensibilityGlobals) = postSolution
		SolutionGuid = {EB46389F-C988-4DA1-B07A-A09833E93C3C}
	EndGlobalSection
EndGlobal
