
Microsoft Visual Studio Solution File, Format Version 12.00
# Visual Studio Version 17
VisualStudioVersion = 17.14.36518.9 d17.14
MinimumVisualStudioVersion = 10.0.40219.1
Project("{FAE04EC0-301F-11D3-BF4B-00C04F79EFBC}") = "IOService", "IOService\IOService.csproj", "{9ABA90E3-213C-4A8C-B69D-C01204A6C556}"
EndProject
Global
	GlobalSection(SolutionConfigurationPlatforms) = preSolution
		Debug|Any CPU = Debug|Any CPU
		Release|Any CPU = Release|Any CPU
	EndGlobalSection
	GlobalSection(ProjectConfigurationPlatforms) = postSolution
		{9ABA90E3-213C-4A8C-B69D-C01204A6C556}.Debug|Any CPU.ActiveCfg = Debug|Any CPU
		{9ABA90E3-213C-4A8C-B69D-C01204A6C556}.Debug|Any CPU.Build.0 = Debug|Any CPU
		{9ABA90E3-213C-4A8C-B69D-C01204A6C556}.Release|Any CPU.ActiveCfg = Release|Any CPU
		{9ABA90E3-213C-4A8C-B69D-C01204A6C556}.Release|Any CPU.Build.0 = Release|Any CPU
	EndGlobalSection
	GlobalSection(SolutionProperties) = preSolution
		HideSolutionNode = FALSE
	EndGlobalSection
	GlobalSection(ExtensibilityGlobals) = postSolution
		SolutionGuid = {06F7E8FB-32FF-4EA0-87EA-2DABEF9C2811}
	EndGlobalSection
EndGlobal
